
Microsoft Visual Studio Solution File, Format Version 12.00
# Visual Studio Version 16
VisualStudioVersion = 16.0.31613.86
MinimumVisualStudioVersion = 10.0.40219.1
Project("{FAE04EC0-301F-11D3-BF4B-00C04F79EFBC}") = "ModifyWithForEach", "ModifyWithForEach.csproj", "{D6CC0513-9480-4A7E-A2B5-CB009BCDF797}"
EndProject
Global
	GlobalSection(SolutionConfigurationPlatforms) = preSolution
		Debug|Any CPU = Debug|Any CPU
		Release|Any CPU = Release|Any CPU
	EndGlobalSection
	GlobalSection(ProjectConfigurationPlatforms) = postSolution
		{D6CC0513-9480-4A7E-A2B5-CB009BCDF797}.Debug|Any CPU.ActiveCfg = Debug|Any CPU
		{D6CC0513-9480-4A7E-A2B5-CB009BCDF797}.Debug|Any CPU.Build.0 = Debug|Any CPU
		{D6CC0513-9480-4A7E-A2B5-CB009BCDF797}.Release|Any CPU.ActiveCfg = Release|Any CPU
		{D6CC0513-9480-4A7E-A2B5-CB009BCDF797}.Release|Any CPU.Build.0 = Release|Any CPU
	EndGlobalSection
	GlobalSection(SolutionProperties) = preSolution
		HideSolutionNode = FALSE
	EndGlobalSection
	GlobalSection(ExtensibilityGlobals) = postSolution
		SolutionGuid = {2D95527D-F5E2-474D-A93C-E9741761F1C7}
	EndGlobalSection
EndGlobal
